
Microsoft Visual Studio Solution File, Format Version 12.00
# Visual Studio Version 17
VisualStudioVersion = 17.5.002.0
MinimumVisualStudioVersion = 10.0.40219.1
Project("{9A19103F-16F7-4668-BE54-9A1E7A4F7556}") = "DeskReserve", "DeskReserve.csproj", "{197D2A6D-F957-426A-8E3F-86442EA1CFA4}"
EndProject
Project("{9A19103F-16F7-4668-BE54-9A1E7A4F7556}") = "DeskReserve_Tests", "..\DeskReserve_Tests\DeskReserve_Tests.csproj", "{2F6EE9DF-D2B0-47C2-96AA-F7DFB0627F05}"
	ProjectSection(ProjectDependencies) = postProject
		{197D2A6D-F957-426A-8E3F-86442EA1CFA4} = {197D2A6D-F957-426A-8E3F-86442EA1CFA4}
	EndProjectSection
EndProject
Global
	GlobalSection(SolutionConfigurationPlatforms) = preSolution
		Debug|Any CPU = Debug|Any CPU
		Release|Any CPU = Release|Any CPU
	EndGlobalSection
	GlobalSection(ProjectConfigurationPlatforms) = postSolution
		{197D2A6D-F957-426A-8E3F-86442EA1CFA4}.Debug|Any CPU.ActiveCfg = Debug|Any CPU
		{197D2A6D-F957-426A-8E3F-86442EA1CFA4}.Debug|Any CPU.Build.0 = Debug|Any CPU
		{197D2A6D-F957-426A-8E3F-86442EA1CFA4}.Release|Any CPU.ActiveCfg = Release|Any CPU
		{197D2A6D-F957-426A-8E3F-86442EA1CFA4}.Release|Any CPU.Build.0 = Release|Any CPU
		{2F6EE9DF-D2B0-47C2-96AA-F7DFB0627F05}.Debug|Any CPU.ActiveCfg = Debug|Any CPU
		{2F6EE9DF-D2B0-47C2-96AA-F7DFB0627F05}.Debug|Any CPU.Build.0 = Debug|Any CPU
		{2F6EE9DF-D2B0-47C2-96AA-F7DFB0627F05}.Release|Any CPU.ActiveCfg = Release|Any CPU
		{2F6EE9DF-D2B0-47C2-96AA-F7DFB0627F05}.Release|Any CPU.Build.0 = Release|Any CPU
	EndGlobalSection
	GlobalSection(SolutionProperties) = preSolution
		HideSolutionNode = FALSE
	EndGlobalSection
	GlobalSection(ExtensibilityGlobals) = postSolution
		SolutionGuid = {E23E2B63-FDA6-471F-AD9C-690E3D609640}
	EndGlobalSection
EndGlobal
