
Microsoft Visual Studio Solution File, Format Version 12.00
# Visual Studio Version 17
VisualStudioVersion = 17.6.33829.357
MinimumVisualStudioVersion = 10.0.40219.1
Project("{9A19103F-16F7-4668-BE54-9A1E7A4F7556}") = "DeskReserve_Tests", "DeskReserve_Tests.csproj", "{63BD0FEB-4503-4993-A9BA-75FE989FF732}"
EndProject
Global
	GlobalSection(SolutionConfigurationPlatforms) = preSolution
		Debug|Any CPU = Debug|Any CPU
		Release|Any CPU = Release|Any CPU
	EndGlobalSection
	GlobalSection(ProjectConfigurationPlatforms) = postSolution
		{63BD0FEB-4503-4993-A9BA-75FE989FF732}.Debug|Any CPU.ActiveCfg = Debug|Any CPU
		{63BD0FEB-4503-4993-A9BA-75FE989FF732}.Debug|Any CPU.Build.0 = Debug|Any CPU
		{63BD0FEB-4503-4993-A9BA-75FE989FF732}.Release|Any CPU.ActiveCfg = Release|Any CPU
		{63BD0FEB-4503-4993-A9BA-75FE989FF732}.Release|Any CPU.Build.0 = Release|Any CPU
	EndGlobalSection
	GlobalSection(SolutionProperties) = preSolution
		HideSolutionNode = FALSE
	EndGlobalSection
	GlobalSection(ExtensibilityGlobals) = postSolution
		SolutionGuid = {3A2F8540-D929-45D0-AE42-065F35784012}
	EndGlobalSection
EndGlobal
